// !$*UTF8*$!
{
	archiveVersion = 1;
	classes = {
	};
	objectVersion = 46;
	objects = {

/* Begin PBXBuildFile section */
		8F14C1401E2AF6D8005D39EA /* AppDelegate.swift in Sources */ = {isa = PBXBuildFile; fileRef = 8F14C13F1E2AF6D8005D39EA /* AppDelegate.swift */; };
		8F14C1421E2AF6D8005D39EA /* ViewController.swift in Sources */ = {isa = PBXBuildFile; fileRef = 8F14C1411E2AF6D8005D39EA /* ViewController.swift */; };
		8F14C1451E2AF6D8005D39EA /* Main.storyboard in Resources */ = {isa = PBXBuildFile; fileRef = 8F14C1431E2AF6D8005D39EA /* Main.storyboard */; };
		8F14C1471E2AF6D8005D39EA /* Assets.xcassets in Resources */ = {isa = PBXBuildFile; fileRef = 8F14C1461E2AF6D8005D39EA /* Assets.xcassets */; };
		8F14C14A1E2AF6D8005D39EA /* LaunchScreen.storyboard in Resources */ = {isa = PBXBuildFile; fileRef = 8F14C1481E2AF6D8005D39EA /* LaunchScreen.storyboard */; };
		8F14C1551E2AF6D8005D39EA /* hueTests.swift in Sources */ = {isa = PBXBuildFile; fileRef = 8F14C1541E2AF6D8005D39EA /* hueTests.swift */; };
		8F14C1601E2AF6D8005D39EA /* hueUITests.swift in Sources */ = {isa = PBXBuildFile; fileRef = 8F14C15F1E2AF6D8005D39EA /* hueUITests.swift */; };
		8F14C16E1E2C5666005D39EA /* y9lT4.png in Resources */ = {isa = PBXBuildFile; fileRef = 8F14C16D1E2C5666005D39EA /* y9lT4.png */; };
/* End PBXBuildFile section */

/* Begin PBXContainerItemProxy section */
		8F14C1511E2AF6D8005D39EA /* PBXContainerItemProxy */ = {
			isa = PBXContainerItemProxy;
			containerPortal = 8F14C1341E2AF6D8005D39EA /* Project object */;
			proxyType = 1;
			remoteGlobalIDString = 8F14C13B1E2AF6D8005D39EA;
			remoteInfo = hue;
		};
		8F14C15C1E2AF6D8005D39EA /* PBXContainerItemProxy */ = {
			isa = PBXContainerItemProxy;
			containerPortal = 8F14C1341E2AF6D8005D39EA /* Project object */;
			proxyType = 1;
			remoteGlobalIDString = 8F14C13B1E2AF6D8005D39EA;
			remoteInfo = hue;
		};
/* End PBXContainerItemProxy section */

/* Begin PBXFileReference section */
		8F14C13C1E2AF6D8005D39EA /* hue.app */ = {isa = PBXFileReference; explicitFileType = wrapper.application; includeInIndex = 0; path = hue.app; sourceTree = BUILT_PRODUCTS_DIR; };
		8F14C13F1E2AF6D8005D39EA /* AppDelegate.swift */ = {isa = PBXFileReference; lastKnownFileType = sourcecode.swift; path = AppDelegate.swift; sourceTree = "<group>"; };
		8F14C1411E2AF6D8005D39EA /* ViewController.swift */ = {isa = PBXFileReference; lastKnownFileType = sourcecode.swift; path = ViewController.swift; sourceTree = "<group>"; };
		8F14C1441E2AF6D8005D39EA /* Base */ = {isa = PBXFileReference; lastKnownFileType = file.storyboard; name = Base; path = Base.lproj/Main.storyboard; sourceTree = "<group>"; };
		8F14C1461E2AF6D8005D39EA /* Assets.xcassets */ = {isa = PBXFileReference; lastKnownFileType = folder.assetcatalog; path = Assets.xcassets; sourceTree = "<group>"; };
		8F14C1491E2AF6D8005D39EA /* Base */ = {isa = PBXFileReference; lastKnownFileType = file.storyboard; name = Base; path = Base.lproj/LaunchScreen.storyboard; sourceTree = "<group>"; };
		8F14C14B1E2AF6D8005D39EA /* Info.plist */ = {isa = PBXFileReference; lastKnownFileType = text.plist.xml; path = Info.plist; sourceTree = "<group>"; };
		8F14C1501E2AF6D8005D39EA /* hueTests.xctest */ = {isa = PBXFileReference; explicitFileType = wrapper.cfbundle; includeInIndex = 0; path = hueTests.xctest; sourceTree = BUILT_PRODUCTS_DIR; };
		8F14C1541E2AF6D8005D39EA /* hueTests.swift */ = {isa = PBXFileReference; lastKnownFileType = sourcecode.swift; path = hueTests.swift; sourceTree = "<group>"; };
		8F14C1561E2AF6D8005D39EA /* Info.plist */ = {isa = PBXFileReference; lastKnownFileType = text.plist.xml; path = Info.plist; sourceTree = "<group>"; };
		8F14C15B1E2AF6D8005D39EA /* hueUITests.xctest */ = {isa = PBXFileReference; explicitFileType = wrapper.cfbundle; includeInIndex = 0; path = hueUITests.xctest; sourceTree = BUILT_PRODUCTS_DIR; };
		8F14C15F1E2AF6D8005D39EA /* hueUITests.swift */ = {isa = PBXFileReference; lastKnownFileType = sourcecode.swift; path = hueUITests.swift; sourceTree = "<group>"; };
		8F14C1611E2AF6D8005D39EA /* Info.plist */ = {isa = PBXFileReference; lastKnownFileType = text.plist.xml; path = Info.plist; sourceTree = "<group>"; };
		8F14C16D1E2C5666005D39EA /* y9lT4.png */ = {isa = PBXFileReference; lastKnownFileType = image.png; name = y9lT4.png; path = ../y9lT4.png; sourceTree = "<group>"; };
/* End PBXFileReference section */

/* Begin PBXFrameworksBuildPhase section */
		8F14C1391E2AF6D8005D39EA /* Frameworks */ = {
			isa = PBXFrameworksBuildPhase;
			buildActionMask = 2147483647;
			files = (
			);
			runOnlyForDeploymentPostprocessing = 0;
		};
		8F14C14D1E2AF6D8005D39EA /* Frameworks */ = {
			isa = PBXFrameworksBuildPhase;
			buildActionMask = 2147483647;
			files = (
			);
			runOnlyForDeploymentPostprocessing = 0;
		};
		8F14C1581E2AF6D8005D39EA /* Frameworks */ = {
			isa = PBXFrameworksBuildPhase;
			buildActionMask = 2147483647;
			files = (
			);
			runOnlyForDeploymentPostprocessing = 0;
		};
/* End PBXFrameworksBuildPhase section */

/* Begin PBXGroup section */
		8F14C1331E2AF6D8005D39EA = {
			isa = PBXGroup;
			children = (
				8F14C16D1E2C5666005D39EA /* y9lT4.png */,
				8F14C13E1E2AF6D8005D39EA /* hue */,
				8F14C1531E2AF6D8005D39EA /* hueTests */,
				8F14C15E1E2AF6D8005D39EA /* hueUITests */,
				8F14C13D1E2AF6D8005D39EA /* Products */,
			);
			sourceTree = "<group>";
		};
		8F14C13D1E2AF6D8005D39EA /* Products */ = {
			isa = PBXGroup;
			children = (
				8F14C13C1E2AF6D8005D39EA /* hue.app */,
				8F14C1501E2AF6D8005D39EA /* hueTests.xctest */,
				8F14C15B1E2AF6D8005D39EA /* hueUITests.xctest */,
			);
			name = Products;
			sourceTree = "<group>";
		};
		8F14C13E1E2AF6D8005D39EA /* hue */ = {
			isa = PBXGroup;
			children = (
				8F14C13F1E2AF6D8005D39EA /* AppDelegate.swift */,
				8F14C1411E2AF6D8005D39EA /* ViewController.swift */,
				8F14C1431E2AF6D8005D39EA /* Main.storyboard */,
				8F14C1461E2AF6D8005D39EA /* Assets.xcassets */,
				8F14C1481E2AF6D8005D39EA /* LaunchScreen.storyboard */,
				8F14C14B1E2AF6D8005D39EA /* Info.plist */,
			);
			path = hue;
			sourceTree = "<group>";
		};
		8F14C1531E2AF6D8005D39EA /* hueTests */ = {
			isa = PBXGroup;
			children = (
				8F14C1541E2AF6D8005D39EA /* hueTests.swift */,
				8F14C1561E2AF6D8005D39EA /* Info.plist */,
			);
			path = hueTests;
			sourceTree = "<group>";
		};
		8F14C15E1E2AF6D8005D39EA /* hueUITests */ = {
			isa = PBXGroup;
			children = (
				8F14C15F1E2AF6D8005D39EA /* hueUITests.swift */,
				8F14C1611E2AF6D8005D39EA /* Info.plist */,
			);
			path = hueUITests;
			sourceTree = "<group>";
		};
/* End PBXGroup section */

/* Begin PBXNativeTarget section */
		8F14C13B1E2AF6D8005D39EA /* hue */ = {
			isa = PBXNativeTarget;
			buildConfigurationList = 8F14C1641E2AF6D8005D39EA /* Build configuration list for PBXNativeTarget "hue" */;
			buildPhases = (
				8F14C1381E2AF6D8005D39EA /* Sources */,
				8F14C1391E2AF6D8005D39EA /* Frameworks */,
				8F14C13A1E2AF6D8005D39EA /* Resources */,
			);
			buildRules = (
			);
			dependencies = (
			);
			name = hue;
			productName = hue;
			productReference = 8F14C13C1E2AF6D8005D39EA /* hue.app */;
			productType = "com.apple.product-type.application";
		};
		8F14C14F1E2AF6D8005D39EA /* hueTests */ = {
			isa = PBXNativeTarget;
			buildConfigurationList = 8F14C1671E2AF6D8005D39EA /* Build configuration list for PBXNativeTarget "hueTests" */;
			buildPhases = (
				8F14C14C1E2AF6D8005D39EA /* Sources */,
				8F14C14D1E2AF6D8005D39EA /* Frameworks */,
				8F14C14E1E2AF6D8005D39EA /* Resources */,
			);
			buildRules = (
			);
			dependencies = (
				8F14C1521E2AF6D8005D39EA /* PBXTargetDependency */,
			);
			name = hueTests;
			productName = hueTests;
			productReference = 8F14C1501E2AF6D8005D39EA /* hueTests.xctest */;
			productType = "com.apple.product-type.bundle.unit-test";
		};
		8F14C15A1E2AF6D8005D39EA /* hueUITests */ = {
			isa = PBXNativeTarget;
			buildConfigurationList = 8F14C16A1E2AF6D8005D39EA /* Build configuration list for PBXNativeTarget "hueUITests" */;
			buildPhases = (
				8F14C1571E2AF6D8005D39EA /* Sources */,
				8F14C1581E2AF6D8005D39EA /* Frameworks */,
				8F14C1591E2AF6D8005D39EA /* Resources */,
			);
			buildRules = (
			);
			dependencies = (
				8F14C15D1E2AF6D8005D39EA /* PBXTargetDependency */,
			);
			name = hueUITests;
			productName = hueUITests;
			productReference = 8F14C15B1E2AF6D8005D39EA /* hueUITests.xctest */;
			productType = "com.apple.product-type.bundle.ui-testing";
		};
/* End PBXNativeTarget section */

/* Begin PBXProject section */
		8F14C1341E2AF6D8005D39EA /* Project object */ = {
			isa = PBXProject;
			attributes = {
				LastSwiftUpdateCheck = 0820;
				LastUpgradeCheck = 0820;
				ORGANIZATIONNAME = "PoAn (Baron) Chen";
				TargetAttributes = {
					8F14C13B1E2AF6D8005D39EA = {
						CreatedOnToolsVersion = 8.2.1;
						DevelopmentTeam = H7C74Q6JAM;
						ProvisioningStyle = Automatic;
					};
					8F14C14F1E2AF6D8005D39EA = {
						CreatedOnToolsVersion = 8.2.1;
						ProvisioningStyle = Automatic;
						TestTargetID = 8F14C13B1E2AF6D8005D39EA;
					};
					8F14C15A1E2AF6D8005D39EA = {
						CreatedOnToolsVersion = 8.2.1;
						ProvisioningStyle = Automatic;
						TestTargetID = 8F14C13B1E2AF6D8005D39EA;
					};
				};
			};
			buildConfigurationList = 8F14C1371E2AF6D8005D39EA /* Build configuration list for PBXProject "hue" */;
			compatibilityVersion = "Xcode 3.2";
			developmentRegion = English;
			hasScannedForEncodings = 0;
			knownRegions = (
				en,
				Base,
			);
			mainGroup = 8F14C1331E2AF6D8005D39EA;
			productRefGroup = 8F14C13D1E2AF6D8005D39EA /* Products */;
			projectDirPath = "";
			projectRoot = "";
			targets = (
				8F14C13B1E2AF6D8005D39EA /* hue */,
				8F14C14F1E2AF6D8005D39EA /* hueTests */,
				8F14C15A1E2AF6D8005D39EA /* hueUITests */,
			);
		};
/* End PBXProject section */

/* Begin PBXResourcesBuildPhase section */
		8F14C13A1E2AF6D8005D39EA /* Resources */ = {
			isa = PBXResourcesBuildPhase;
			buildActionMask = 2147483647;
			files = (
				8F14C14A1E2AF6D8005D39EA /* LaunchScreen.storyboard in Resources */,
				8F14C1471E2AF6D8005D39EA /* Assets.xcassets in Resources */,
				8F14C16E1E2C5666005D39EA /* y9lT4.png in Resources */,
				8F14C1451E2AF6D8005D39EA /* Main.storyboard in Resources */,
			);
			runOnlyForDeploymentPostprocessing = 0;
		};
		8F14C14E1E2AF6D8005D39EA /* Resources */ = {
			isa = PBXResourcesBuildPhase;
			buildActionMask = 2147483647;
			files = (
			);
			runOnlyForDeploymentPostprocessing = 0;
		};
		8F14C1591E2AF6D8005D39EA /* Resources */ = {
			isa = PBXResourcesBuildPhase;
			buildActionMask = 2147483647;
			files = (
			);
			runOnlyForDeploymentPostprocessing = 0;
		};
/* End PBXResourcesBuildPhase section */

/* Begin PBXSourcesBuildPhase section */
		8F14C1381E2AF6D8005D39EA /* Sources */ = {
			isa = PBXSourcesBuildPhase;
			buildActionMask = 2147483647;
			files = (
				8F14C1421E2AF6D8005D39EA /* ViewController.swift in Sources */,
				8F14C1401E2AF6D8005D39EA /* AppDelegate.swift in Sources */,
			);
			runOnlyForDeploymentPostprocessing = 0;
		};
		8F14C14C1E2AF6D8005D39EA /* Sources */ = {
			isa = PBXSourcesBuildPhase;
			buildActionMask = 2147483647;
			files = (
				8F14C1551E2AF6D8005D39EA /* hueTests.swift in Sources */,
			);
			runOnlyForDeploymentPostprocessing = 0;
		};
		8F14C1571E2AF6D8005D39EA /* Sources */ = {
			isa = PBXSourcesBuildPhase;
			buildActionMask = 2147483647;
			files = (
				8F14C1601E2AF6D8005D39EA /* hueUITests.swift in Sources */,
			);
			runOnlyForDeploymentPostprocessing = 0;
		};
/* End PBXSourcesBuildPhase section */

/* Begin PBXTargetDependency section */
		8F14C1521E2AF6D8005D39EA /* PBXTargetDependency */ = {
			isa = PBXTargetDependency;
			target = 8F14C13B1E2AF6D8005D39EA /* hue */;
			targetProxy = 8F14C1511E2AF6D8005D39EA /* PBXContainerItemProxy */;
		};
		8F14C15D1E2AF6D8005D39EA /* PBXTargetDependency */ = {
			isa = PBXTargetDependency;
			target = 8F14C13B1E2AF6D8005D39EA /* hue */;
			targetProxy = 8F14C15C1E2AF6D8005D39EA /* PBXContainerItemProxy */;
		};
/* End PBXTargetDependency section */

/* Begin PBXVariantGroup section */
		8F14C1431E2AF6D8005D39EA /* Main.storyboard */ = {
			isa = PBXVariantGroup;
			children = (
				8F14C1441E2AF6D8005D39EA /* Base */,
			);
			name = Main.storyboard;
			sourceTree = "<group>";
		};
		8F14C1481E2AF6D8005D39EA /* LaunchScreen.storyboard */ = {
			isa = PBXVariantGroup;
			children = (
				8F14C1491E2AF6D8005D39EA /* Base */,
			);
			name = LaunchScreen.storyboard;
			sourceTree = "<group>";
		};
/* End PBXVariantGroup section */

/* Begin XCBuildConfiguration section */
		8F14C1621E2AF6D8005D39EA /* Debug */ = {
			isa = XCBuildConfiguration;
			buildSettings = {
				ALWAYS_SEARCH_USER_PATHS = NO;
				CLANG_ANALYZER_NONNULL = YES;
				CLANG_CXX_LANGUAGE_STANDARD = "gnu++0x";
				CLANG_CXX_LIBRARY = "libc++";
				CLANG_ENABLE_MODULES = YES;
				CLANG_ENABLE_OBJC_ARC = YES;
				CLANG_WARN_BOOL_CONVERSION = YES;
				CLANG_WARN_CONSTANT_CONVERSION = YES;
				CLANG_WARN_DIRECT_OBJC_ISA_USAGE = YES_ERROR;
				CLANG_WARN_DOCUMENTATION_COMMENTS = YES;
				CLANG_WARN_EMPTY_BODY = YES;
				CLANG_WARN_ENUM_CONVERSION = YES;
				CLANG_WARN_INFINITE_RECURSION = YES;
				CLANG_WARN_INT_CONVERSION = YES;
				CLANG_WARN_OBJC_ROOT_CLASS = YES_ERROR;
				CLANG_WARN_SUSPICIOUS_MOVE = YES;
				CLANG_WARN_UNREACHABLE_CODE = YES;
				CLANG_WARN__DUPLICATE_METHOD_MATCH = YES;
				"CODE_SIGN_IDENTITY[sdk=iphoneos*]" = "iPhone Developer";
				COPY_PHASE_STRIP = NO;
				DEBUG_INFORMATION_FORMAT = dwarf;
				ENABLE_STRICT_OBJC_MSGSEND = YES;
				ENABLE_TESTABILITY = YES;
				GCC_C_LANGUAGE_STANDARD = gnu99;
				GCC_DYNAMIC_NO_PIC = NO;
				GCC_NO_COMMON_BLOCKS = YES;
				GCC_OPTIMIZATION_LEVEL = 0;
				GCC_PREPROCESSOR_DEFINITIONS = (
					"DEBUG=1",
					"$(inherited)",
				);
				GCC_WARN_64_TO_32_BIT_CONVERSION = YES;
				GCC_WARN_ABOUT_RETURN_TYPE = YES_ERROR;
				GCC_WARN_UNDECLARED_SELECTOR = YES;
				GCC_WARN_UNINITIALIZED_AUTOS = YES_AGGRESSIVE;
				GCC_WARN_UNUSED_FUNCTION = YES;
				GCC_WARN_UNUSED_VARIABLE = YES;
				IPHONEOS_DEPLOYMENT_TARGET = 10.2;
				MTL_ENABLE_DEBUG_INFO = YES;
				ONLY_ACTIVE_ARCH = YES;
				SDKROOT = iphoneos;
				SWIFT_ACTIVE_COMPILATION_CONDITIONS = DEBUG;
				SWIFT_OPTIMIZATION_LEVEL = "-Onone";
			};
			name = Debug;
		};
		8F14C1631E2AF6D8005D39EA /* Release */ = {
			isa = XCBuildConfiguration;
			buildSettings = {
				ALWAYS_SEARCH_USER_PATHS = NO;
				CLANG_ANALYZER_NONNULL = YES;
				CLANG_CXX_LANGUAGE_STANDARD = "gnu++0x";
				CLANG_CXX_LIBRARY = "libc++";
				CLANG_ENABLE_MODULES = YES;
				CLANG_ENABLE_OBJC_ARC = YES;
				CLANG_WARN_BOOL_CONVERSION = YES;
				CLANG_WARN_CONSTANT_CONVERSION = YES;
				CLANG_WARN_DIRECT_OBJC_ISA_USAGE = YES_ERROR;
				CLANG_WARN_DOCUMENTATION_COMMENTS = YES;
				CLANG_WARN_EMPTY_BODY = YES;
				CLANG_WARN_ENUM_CONVERSION = YES;
				CLANG_WARN_INFINITE_RECURSION = YES;
				CLANG_WARN_INT_CONVERSION = YES;
				CLANG_WARN_OBJC_ROOT_CLASS = YES_ERROR;
				CLANG_WARN_SUSPICIOUS_MOVE = YES;
				CLANG_WARN_UNREACHABLE_CODE = YES;
				CLANG_WARN__DUPLICATE_METHOD_MATCH = YES;
				"CODE_SIGN_IDENTITY[sdk=iphoneos*]" = "iPhone Developer";
				COPY_PHASE_STRIP = NO;
				DEBUG_INFORMATION_FORMAT = "dwarf-with-dsym";
				ENABLE_NS_ASSERTIONS = NO;
				ENABLE_STRICT_OBJC_MSGSEND = YES;
				GCC_C_LANGUAGE_STANDARD = gnu99;
				GCC_NO_COMMON_BLOCKS = YES;
				GCC_WARN_64_TO_32_BIT_CONVERSION = YES;
				GCC_WARN_ABOUT_RETURN_TYPE = YES_ERROR;
				GCC_WARN_UNDECLARED_SELECTOR = YES;
				GCC_WARN_UNINITIALIZED_AUTOS = YES_AGGRESSIVE;
				GCC_WARN_UNUSED_FUNCTION = YES;
				GCC_WARN_UNUSED_VARIABLE = YES;
				IPHONEOS_DEPLOYMENT_TARGET = 10.2;
				MTL_ENABLE_DEBUG_INFO = NO;
				SDKROOT = iphoneos;
				SWIFT_OPTIMIZATION_LEVEL = "-Owholemodule";
				VALIDATE_PRODUCT = YES;
			};
			name = Release;
		};
		8F14C1651E2AF6D8005D39EA /* Debug */ = {
			isa = XCBuildConfiguration;
			buildSettings = {
				ASSETCATALOG_COMPILER_APPICON_NAME = AppIcon;
				"CODE_SIGN_IDENTITY[sdk=iphoneos*]" = "iPhone Developer";
				DEVELOPMENT_TEAM = H7C74Q6JAM;
				INFOPLIST_FILE = hue/Info.plist;
				LD_RUNPATH_SEARCH_PATHS = "$(inherited) @executable_path/Frameworks";
				PRODUCT_BUNDLE_IDENTIFIER = com.jenrenalcare.hue;
				PRODUCT_NAME = "$(TARGET_NAME)";
				SWIFT_VERSION = 3.0;
			};
			name = Debug;
		};
		8F14C1661E2AF6D8005D39EA /* Release */ = {
			isa = XCBuildConfiguration;
			buildSettings = {
				ASSETCATALOG_COMPILER_APPICON_NAME = AppIcon;
				"CODE_SIGN_IDENTITY[sdk=iphoneos*]" = "iPhone Developer";
				DEVELOPMENT_TEAM = H7C74Q6JAM;
				INFOPLIST_FILE = hue/Info.plist;
				LD_RUNPATH_SEARCH_PATHS = "$(inherited) @executable_path/Frameworks";
				PRODUCT_BUNDLE_IDENTIFIER = com.jenrenalcare.hue;
				PRODUCT_NAME = "$(TARGET_NAME)";
				SWIFT_VERSION = 3.0;
			};
			name = Release;
		};
		8F14C1681E2AF6D8005D39EA /* Debug */ = {
			isa = XCBuildConfiguration;
			buildSettings = {
				ALWAYS_EMBED_SWIFT_STANDARD_LIBRARIES = YES;
				BUNDLE_LOADER = "$(TEST_HOST)";
				INFOPLIST_FILE = hueTests/Info.plist;
				LD_RUNPATH_SEARCH_PATHS = "$(inherited) @executable_path/Frameworks @loader_path/Frameworks";
				PRODUCT_BUNDLE_IDENTIFIER = com.jenrenalcare.hueTests;
				PRODUCT_NAME = "$(TARGET_NAME)";
				SWIFT_VERSION = 3.0;
				TEST_HOST = "$(BUILT_PRODUCTS_DIR)/hue.app/hue";
			};
			name = Debug;
		};
		8F14C1691E2AF6D8005D39EA /* Release */ = {
			isa = XCBuildConfiguration;
			buildSettings = {
				ALWAYS_EMBED_SWIFT_STANDARD_LIBRARIES = YES;
				BUNDLE_LOADER = "$(TEST_HOST)";
				INFOPLIST_FILE = hueTests/Info.plist;
				LD_RUNPATH_SEARCH_PATHS = "$(inherited) @executable_path/Frameworks @loader_path/Frameworks";
				PRODUCT_BUNDLE_IDENTIFIER = com.jenrenalcare.hueTests;
				PRODUCT_NAME = "$(TARGET_NAME)";
				SWIFT_VERSION = 3.0;
				TEST_HOST = "$(BUILT_PRODUCTS_DIR)/hue.app/hue";
			};
			name = Release;
		};
		8F14C16B1E2AF6D8005D39EA /* Debug */ = {
			isa = XCBuildConfiguration;
			buildSettings = {
				ALWAYS_EMBED_SWIFT_STANDARD_LIBRARIES = YES;
				INFOPLIST_FILE = hueUITests/Info.plist;
				LD_RUNPATH_SEARCH_PATHS = "$(inherited) @executable_path/Frameworks @loader_path/Frameworks";
				PRODUCT_BUNDLE_IDENTIFIER = com.jenrenalcare.hueUITests;
				PRODUCT_NAME = "$(TARGET_NAME)";
				SWIFT_VERSION = 3.0;
				TEST_TARGET_NAME = hue;
			};
			name = Debug;
		};
		8F14C16C1E2AF6D8005D39EA /* Release */ = {
			isa = XCBuildConfiguration;
			buildSettings = {
				ALWAYS_EMBED_SWIFT_STANDARD_LIBRARIES = YES;
				INFOPLIST_FILE = hueUITests/Info.plist;
				LD_RUNPATH_SEARCH_PATHS = "$(inherited) @executable_path/Frameworks @loader_path/Frameworks";
				PRODUCT_BUNDLE_IDENTIFIER = com.jenrenalcare.hueUITests;
				PRODUCT_NAME = "$(TARGET_NAME)";
				SWIFT_VERSION = 3.0;
				TEST_TARGET_NAME = hue;
			};
			name = Release;
		};
/* End XCBuildConfiguration section */

/* Begin XCConfigurationList section */
		8F14C1371E2AF6D8005D39EA /* Build configuration list for PBXProject "hue" */ = {
			isa = XCConfigurationList;
			buildConfigurations = (
				8F14C1621E2AF6D8005D39EA /* Debug */,
				8F14C1631E2AF6D8005D39EA /* Release */,
			);
			defaultConfigurationIsVisible = 0;
			defaultConfigurationName = Release;
		};
		8F14C1641E2AF6D8005D39EA /* Build configuration list for PBXNativeTarget "hue" */ = {
			isa = XCConfigurationList;
			buildConfigurations = (
				8F14C1651E2AF6D8005D39EA /* Debug */,
				8F14C1661E2AF6D8005D39EA /* Release */,
			);
			defaultConfigurationIsVisible = 0;
			defaultConfigurationName = Release;
		};
		8F14C1671E2AF6D8005D39EA /* Build configuration list for PBXNativeTarget "hueTests" */ = {
			isa = XCConfigurationList;
			buildConfigurations = (
				8F14C1681E2AF6D8005D39EA /* Debug */,
				8F14C1691E2AF6D8005D39EA /* Release */,
			);
			defaultConfigurationIsVisible = 0;
			defaultConfigurationName = Release;
		};
		8F14C16A1E2AF6D8005D39EA /* Build configuration list for PBXNativeTarget "hueUITests" */ = {
			isa = XCConfigurationList;
			buildConfigurations = (
				8F14C16B1E2AF6D8005D39EA /* Debug */,
				8F14C16C1E2AF6D8005D39EA /* Release */,
			);
			defaultConfigurationIsVisible = 0;
			defaultConfigurationName = Release;
		};
/* End XCConfigurationList section */
	};
	rootObject = 8F14C1341E2AF6D8005D39EA /* Project object */;
}
